
Microsoft Visual Studio Solution File, Format Version 12.00
# Visual Studio Version 16
VisualStudioVersion = 16.0.30503.244
MinimumVisualStudioVersion = 10.0.40219.1
Project("{8BC9CEB8-8B4A-11D0-8D11-00A0C91BC942}") = "Pipe", "Pipe\Pipe.vcxproj", "{F1D72738-65C8-435A-998D-9AADADBFFC7A}"
EndProject
Global
	GlobalSection(SolutionConfigurationPlatforms) = preSolution
		Debug|x64 = Debug|x64
		Debug|x86 = Debug|x86
		Release|x64 = Release|x64
		Release|x86 = Release|x86
	EndGlobalSection
	GlobalSection(ProjectConfigurationPlatforms) = postSolution
		{F1D72738-65C8-435A-998D-9AADADBFFC7A}.Debug|x64.ActiveCfg = Debug|x64
		{F1D72738-65C8-435A-998D-9AADADBFFC7A}.Debug|x64.Build.0 = Debug|x64
		{F1D72738-65C8-435A-998D-9AADADBFFC7A}.Debug|x86.ActiveCfg = Debug|Win32
		{F1D72738-65C8-435A-998D-9AADADBFFC7A}.Debug|x86.Build.0 = Debug|Win32
		{F1D72738-65C8-435A-998D-9AADADBFFC7A}.Release|x64.ActiveCfg = Release|x64
		{F1D72738-65C8-435A-998D-9AADADBFFC7A}.Release|x64.Build.0 = Release|x64
		{F1D72738-65C8-435A-998D-9AADADBFFC7A}.Release|x86.ActiveCfg = Release|Win32
		{F1D72738-65C8-435A-998D-9AADADBFFC7A}.Release|x86.Build.0 = Release|Win32
	EndGlobalSection
	GlobalSection(SolutionProperties) = preSolution
		HideSolutionNode = FALSE
	EndGlobalSection
	GlobalSection(ExtensibilityGlobals) = postSolution
		SolutionGuid = {F99D855F-D49B-4A57-8AFB-B74882C1CB62}
	EndGlobalSection
EndGlobal
